
Microsoft Visual Studio Solution File, Format Version 12.00
# Visual Studio 15
VisualStudioVersion = 15.0.27130.2010
MinimumVisualStudioVersion = 10.0.40219.1
Project("{6EC3EE1D-3C4E-46DD-8F32-0CC8E7565705}") = "ReceipeMaker", "ReceipeMaker\ReceipeMaker.fsproj", "{236CE90F-CE8A-48BA-AEF5-0EB5913658EA}"
EndProject
Project("{9A19103F-16F7-4668-BE54-9A1E7A4F7556}") = "Receipe.Data", "Receipe.Data\Receipe.Data.csproj", "{C745AA0C-9112-471C-B6B0-342318BB4484}"
EndProject
Project("{FAE04EC0-301F-11D3-BF4B-00C04F79EFBC}") = "WebServer", "WebServer\WebServer.csproj", "{B5B4986F-6916-4C6D-BAD8-5AF2D017A9B1}"
	ProjectSection(ProjectDependencies) = postProject
		{C745AA0C-9112-471C-B6B0-342318BB4484} = {C745AA0C-9112-471C-B6B0-342318BB4484}
		{236CE90F-CE8A-48BA-AEF5-0EB5913658EA} = {236CE90F-CE8A-48BA-AEF5-0EB5913658EA}
	EndProjectSection
EndProject
Global
	GlobalSection(SolutionConfigurationPlatforms) = preSolution
		Debug|Any CPU = Debug|Any CPU
		Release|Any CPU = Release|Any CPU
	EndGlobalSection
	GlobalSection(ProjectConfigurationPlatforms) = postSolution
		{236CE90F-CE8A-48BA-AEF5-0EB5913658EA}.Debug|Any CPU.ActiveCfg = Debug|Any CPU
		{236CE90F-CE8A-48BA-AEF5-0EB5913658EA}.Debug|Any CPU.Build.0 = Debug|Any CPU
		{236CE90F-CE8A-48BA-AEF5-0EB5913658EA}.Release|Any CPU.ActiveCfg = Release|Any CPU
		{236CE90F-CE8A-48BA-AEF5-0EB5913658EA}.Release|Any CPU.Build.0 = Release|Any CPU
		{C745AA0C-9112-471C-B6B0-342318BB4484}.Debug|Any CPU.ActiveCfg = Debug|Any CPU
		{C745AA0C-9112-471C-B6B0-342318BB4484}.Debug|Any CPU.Build.0 = Debug|Any CPU
		{C745AA0C-9112-471C-B6B0-342318BB4484}.Release|Any CPU.ActiveCfg = Release|Any CPU
		{C745AA0C-9112-471C-B6B0-342318BB4484}.Release|Any CPU.Build.0 = Release|Any CPU
		{B5B4986F-6916-4C6D-BAD8-5AF2D017A9B1}.Debug|Any CPU.ActiveCfg = Debug|Any CPU
		{B5B4986F-6916-4C6D-BAD8-5AF2D017A9B1}.Debug|Any CPU.Build.0 = Debug|Any CPU
		{B5B4986F-6916-4C6D-BAD8-5AF2D017A9B1}.Release|Any CPU.ActiveCfg = Release|Any CPU
		{B5B4986F-6916-4C6D-BAD8-5AF2D017A9B1}.Release|Any CPU.Build.0 = Release|Any CPU
	EndGlobalSection
	GlobalSection(SolutionProperties) = preSolution
		HideSolutionNode = FALSE
	EndGlobalSection
	GlobalSection(ExtensibilityGlobals) = postSolution
		SolutionGuid = {EE0F1BDB-8B8C-4EF2-BD8D-E09B23E6B296}
	EndGlobalSection
EndGlobal
